
Microsoft Visual Studio Solution File, Format Version 12.00
Project("{FAE04EC0-301F-11D3-BF4B-00C04F79EFBC}") = "Network-Check", "Network-Check\Network-Check.csproj", "{DB0D66D1-A76D-429B-9EAF-259FBA015708}"
EndProject
Global
	GlobalSection(SolutionConfigurationPlatforms) = preSolution
		Debug|Any CPU = Debug|Any CPU
		Release|Any CPU = Release|Any CPU
	EndGlobalSection
	GlobalSection(ProjectConfigurationPlatforms) = postSolution
		{DB0D66D1-A76D-429B-9EAF-259FBA015708}.Debug|Any CPU.ActiveCfg = Debug|Any CPU
		{DB0D66D1-A76D-429B-9EAF-259FBA015708}.Debug|Any CPU.Build.0 = Debug|Any CPU
		{DB0D66D1-A76D-429B-9EAF-259FBA015708}.Release|Any CPU.ActiveCfg = Release|Any CPU
		{DB0D66D1-A76D-429B-9EAF-259FBA015708}.Release|Any CPU.Build.0 = Release|Any CPU
	EndGlobalSection
EndGlobal
